
Microsoft Visual Studio Solution File, Format Version 12.00
# Visual Studio 14
VisualStudioVersion = 14.0.23107.0
MinimumVisualStudioVersion = 10.0.40219.1
Project("{FAE04EC0-301F-11D3-BF4B-00C04F79EFBC}") = "RedCabsWebAPI", "RedCabsWebAPI\RedCabsWebAPI.csproj", "{59DAF3D2-03F4-4538-9E3F-F42D30FD0095}"
EndProject
Project("{FAE04EC0-301F-11D3-BF4B-00C04F79EFBC}") = "UnitOfWorkApplication.Model", "UnitOfWorkApplication.Model\UnitOfWorkApplication.Model.csproj", "{50BFD953-616B-4216-872C-1FE087CA4808}"
EndProject
Project("{FAE04EC0-301F-11D3-BF4B-00C04F79EFBC}") = "UnitOfWorkApplication.Repository", "UnitOfWorkApplication.Repository\UnitOfWorkApplication.Repository.csproj", "{A60ED8CB-6857-4717-8080-302166515B7F}"
EndProject
Project("{FAE04EC0-301F-11D3-BF4B-00C04F79EFBC}") = "UnitOfWorkApplication.Services", "UnitOfWorkApplication.Services\UnitOfWorkApplication.Services.csproj", "{DD918B61-11D1-45A6-81F2-8B30BFCB30EB}"
EndProject
Project("{FAE04EC0-301F-11D3-BF4B-00C04F79EFBC}") = "UnitOfWorkApplication_DatabaseScripts", "UnitOfWorkApplication_DatabaseScripts\UnitOfWorkApplication_DatabaseScripts.csproj", "{69272426-35C5-4910-AB5C-068B979F4876}"
EndProject
Project("{FAE04EC0-301F-11D3-BF4B-00C04F79EFBC}") = "UnitOfWorkApplication.API", "UnitOfWorkApplication.API\UnitOfWorkApplication.API.csproj", "{19E0502A-581B-4C1B-95C6-253D9C8B365C}"
EndProject
Project("{FAE04EC0-301F-11D3-BF4B-00C04F79EFBC}") = "RideMe.Infrastructure", "RideMe.Infrastructure\RideMe.Infrastructure.csproj", "{A171959C-89C1-4C9C-B9D7-EF65B82765B2}"
EndProject
Global
	GlobalSection(SolutionConfigurationPlatforms) = preSolution
		Debug|Any CPU = Debug|Any CPU
		Release|Any CPU = Release|Any CPU
	EndGlobalSection
	GlobalSection(ProjectConfigurationPlatforms) = postSolution
		{59DAF3D2-03F4-4538-9E3F-F42D30FD0095}.Debug|Any CPU.ActiveCfg = Debug|Any CPU
		{59DAF3D2-03F4-4538-9E3F-F42D30FD0095}.Debug|Any CPU.Build.0 = Debug|Any CPU
		{59DAF3D2-03F4-4538-9E3F-F42D30FD0095}.Release|Any CPU.ActiveCfg = Release|Any CPU
		{59DAF3D2-03F4-4538-9E3F-F42D30FD0095}.Release|Any CPU.Build.0 = Release|Any CPU
		{50BFD953-616B-4216-872C-1FE087CA4808}.Debug|Any CPU.ActiveCfg = Debug|Any CPU
		{50BFD953-616B-4216-872C-1FE087CA4808}.Debug|Any CPU.Build.0 = Debug|Any CPU
		{50BFD953-616B-4216-872C-1FE087CA4808}.Release|Any CPU.ActiveCfg = Release|Any CPU
		{50BFD953-616B-4216-872C-1FE087CA4808}.Release|Any CPU.Build.0 = Release|Any CPU
		{A60ED8CB-6857-4717-8080-302166515B7F}.Debug|Any CPU.ActiveCfg = Debug|Any CPU
		{A60ED8CB-6857-4717-8080-302166515B7F}.Debug|Any CPU.Build.0 = Debug|Any CPU
		{A60ED8CB-6857-4717-8080-302166515B7F}.Release|Any CPU.ActiveCfg = Release|Any CPU
		{A60ED8CB-6857-4717-8080-302166515B7F}.Release|Any CPU.Build.0 = Release|Any CPU
		{DD918B61-11D1-45A6-81F2-8B30BFCB30EB}.Debug|Any CPU.ActiveCfg = Debug|Any CPU
		{DD918B61-11D1-45A6-81F2-8B30BFCB30EB}.Debug|Any CPU.Build.0 = Debug|Any CPU
		{DD918B61-11D1-45A6-81F2-8B30BFCB30EB}.Release|Any CPU.ActiveCfg = Release|Any CPU
		{DD918B61-11D1-45A6-81F2-8B30BFCB30EB}.Release|Any CPU.Build.0 = Release|Any CPU
		{69272426-35C5-4910-AB5C-068B979F4876}.Debug|Any CPU.ActiveCfg = Debug|Any CPU
		{69272426-35C5-4910-AB5C-068B979F4876}.Debug|Any CPU.Build.0 = Debug|Any CPU
		{69272426-35C5-4910-AB5C-068B979F4876}.Release|Any CPU.ActiveCfg = Release|Any CPU
		{69272426-35C5-4910-AB5C-068B979F4876}.Release|Any CPU.Build.0 = Release|Any CPU
		{19E0502A-581B-4C1B-95C6-253D9C8B365C}.Debug|Any CPU.ActiveCfg = Debug|Any CPU
		{19E0502A-581B-4C1B-95C6-253D9C8B365C}.Debug|Any CPU.Build.0 = Debug|Any CPU
		{19E0502A-581B-4C1B-95C6-253D9C8B365C}.Release|Any CPU.ActiveCfg = Release|Any CPU
		{19E0502A-581B-4C1B-95C6-253D9C8B365C}.Release|Any CPU.Build.0 = Release|Any CPU
		{A171959C-89C1-4C9C-B9D7-EF65B82765B2}.Debug|Any CPU.ActiveCfg = Debug|Any CPU
		{A171959C-89C1-4C9C-B9D7-EF65B82765B2}.Debug|Any CPU.Build.0 = Debug|Any CPU
		{A171959C-89C1-4C9C-B9D7-EF65B82765B2}.Release|Any CPU.ActiveCfg = Release|Any CPU
		{A171959C-89C1-4C9C-B9D7-EF65B82765B2}.Release|Any CPU.Build.0 = Release|Any CPU
	EndGlobalSection
	GlobalSection(SolutionProperties) = preSolution
		HideSolutionNode = FALSE
	EndGlobalSection
EndGlobal
